github.com/Bofry/arg v0.1.0 h1:zcWdyypcEt/eoiC5CkGcf0irozxKpgLucP4mN0ykshM=
github.com/Bofry/arg v0.1.0/go.mod h1:/0ITIQekTFV3jfHLXPttgaRKjcZhFTXNkSqpK3Nefvc=
github.com/Bofry/structproto v0.1.0 h1:Zun2V0y9WsMtYPiyvoKZKzGjKzB9Gff/6TAFXJf1jA0=
github.com/Bofry/structproto v0.1.0/go.mod h1:ExAR9NDYUXZOVlAJrz2oavvVxjaegV7Mb91HQcQYWLA=
github.com/Bofry/structproto v0.2.0-alpha.20221227043020.0.20230519110520-05192d88fe05 h1:ou9yJ4uU9bZtmG04MHoZDEKaaKGCWBQm6igSoMfSN0c=
github.com/Bofry/structproto v0.2.0-alpha.20221227043020.0.20230519110520-05192d88fe05/go.mod h1:ExAR9NDYUXZOVlAJrz2oavvVxjaegV7Mb91HQcQYWLA=
github.com/Bofry/structproto v0.2.0-alpha.20230613095206 h1:/L/2NiPVAE1La6umcWvIGQwAXuYthoU8uQvrmfCc4fg=
github.com/Bofry/structproto v0.2.0-alpha.20230613095206/go.mod h1:ExAR9NDYUXZOVlAJrz2oavvVxjaegV7Mb91HQcQYWLA=
github.com/Bofry/structproto v0.2.0 h1:/NvaH6JOVdF84nGt91HZ4SF3Dxdkq256QCCdZNiIWxs=
github.com/Bofry/structproto v0.2.0/go.mod h1:ExAR9NDYUXZOVlAJrz2oavvVxjaegV7Mb91HQcQYWLA=
github.com/Bofry/types v0.1.0 h1:lEM+LcPWlC1ByerJlp0cZ4tCCosR9lemVDvu9kATV1Y=
github.com/Bofry/types v0.1.0/go.mod h1:O0I2TpZ3YfKDgTnJO5zeaX9LO7vtdhGnwbz/oP4cKUw=
github.com/cstockton/go-conv v0.0.0-20170524002450-66a2b2ba36e1 h1:h4OgDocdYHGiUh+zUEe4nFlb9ShoHUllqDefGaRoZFg=
github.com/cstockton/go-conv v0.0.0-20170524002450-66a2b2ba36e1/go.mod h1:MBKpQ5HV5wcT/nQYoEqjSMiXwxPouaReOs2f4kj70SQ=
