github.com/Bofry/arg v0.1.0 h1:zcWdyypcEt/eoiC5CkGcf0irozxKpgLucP4mN0ykshM=
github.com/Bofry/arg v0.1.0/go.mod h1:/0ITIQekTFV3jfHLXPttgaRKjcZhFTXNkSqpK3Nefvc=
github.com/Bofry/arg v0.2.1 h1:Wv9Sa1fsJyp8iedlHyVnJiMiqSPlZgJc++wuaPYVAWQ=
github.com/Bofry/arg v0.2.1/go.mod h1:rOIXkg3hhboVUbtcnC1KhCMNl7XeULQ27l8N9CCM4F8=
github.com/Bofry/arg v0.2.3 h1:OJYOU8oPrAU3u6hTh3gT2Cs6+ajtZbh8qTvRoJHiLQI=
github.com/Bofry/arg v0.2.3/go.mod h1:3bXXeIRc/KElzLrNOtGXhU6Ifgbd+Et7t3fWWMjAImI=
github.com/Bofry/structproto v0.1.0 h1:Zun2V0y9WsMtYPiyvoKZKzGjKzB9Gff/6TAFXJf1jA0=
github.com/Bofry/structproto v0.1.0/go.mod h1:ExAR9NDYUXZOVlAJrz2oavvVxjaegV7Mb91HQcQYWLA=
github.com/Bofry/structproto v0.2.0-alpha.20221227043020.0.20230519110520-05192d88fe05 h1:ou9yJ4uU9bZtmG04MHoZDEKaaKGCWBQm6igSoMfSN0c=
github.com/Bofry/structproto v0.2.0-alpha.20221227043020.0.20230519110520-05192d88fe05/go.mod h1:ExAR9NDYUXZOVlAJrz2oavvVxjaegV7Mb91HQcQYWLA=
github.com/Bofry/structproto v0.2.0-alpha.20230613095206 h1:/L/2NiPVAE1La6umcWvIGQwAXuYthoU8uQvrmfCc4fg=
github.com/Bofry/structproto v0.2.0-alpha.20230613095206/go.mod h1:ExAR9NDYUXZOVlAJrz2oavvVxjaegV7Mb91HQcQYWLA=
github.com/Bofry/structproto v0.2.0 h1:/NvaH6JOVdF84nGt91HZ4SF3Dxdkq256QCCdZNiIWxs=
github.com/Bofry/structproto v0.2.0/go.mod h1:ExAR9NDYUXZOVlAJrz2oavvVxjaegV7Mb91HQcQYWLA=
github.com/Bofry/structproto v0.2.2 h1:NOe1/yc4xYAUzWoiZG+7ComUgLR7t+NfdbfASLGqhcc=
github.com/Bofry/structproto v0.2.2/go.mod h1:j4dn8G1MhaBWHQBljNOkaDk8D5aW3Y/+Q/3hxQRNPKo=
github.com/Bofry/types v0.1.0 h1:lEM+LcPWlC1ByerJlp0cZ4tCCosR9lemVDvu9kATV1Y=
github.com/Bofry/types v0.1.0/go.mod h1:O0I2TpZ3YfKDgTnJO5zeaX9LO7vtdhGnwbz/oP4cKUw=
github.com/cstockton/go-conv v0.0.0-20170524002450-66a2b2ba36e1 h1:h4OgDocdYHGiUh+zUEe4nFlb9ShoHUllqDefGaRoZFg=
github.com/cstockton/go-conv v0.0.0-20170524002450-66a2b2ba36e1/go.mod h1:MBKpQ5HV5wcT/nQYoEqjSMiXwxPouaReOs2f4kj70SQ=
github.com/cstockton/go-conv v1.0.0 h1:zj/q/0MpQ/97XfiC9glWiohO8lhgR4TTnHYZifLTv6I=
github.com/cstockton/go-conv v1.0.0/go.mod h1:HuiHkkRgOA0IoBNPC7ysG7kNpjDYlgM7Kj62yQPxjy4=
github.com/davecgh/go-spew v1.1.0/go.mod h1:J7Y8YcW2NihsgmVo/mv3lAwl/skON4iLHjSsI+c5H38=
github.com/davecgh/go-spew v1.1.1/go.mod h1:J7Y8YcW2NihsgmVo/mv3lAwl/skON4iLHjSsI+c5H38=
github.com/pmezard/go-difflib v1.0.0/go.mod h1:iKH77koFhYxTK1pcRnkKkqfTogsbg7gZNVY4sRDYZ/4=
github.com/stretchr/objx v0.1.0/go.mod h1:HFkY916IF+rwdDfMAkV7OtwuqBVzrE8GR6GFx+wExME=
github.com/stretchr/objx v0.4.0/go.mod h1:YvHI0jy2hoMjB+UWwv71VJQ9isScKT/TqJzVSSt89Yw=
github.com/stretchr/objx v0.5.0/go.mod h1:Yh+to48EsGEfYuaHDzXPcE3xhTkx73EhmCGUpEOglKo=
github.com/stretchr/testify v1.7.1/go.mod h1:6Fq8oRcR53rry900zMqJjRRixrwX3KX962/h/Wwjteg=
github.com/stretchr/testify v1.8.0/go.mod h1:yNjHg4UonilssWZ8iaSj1OCr/vHnekPRkoO+kdMU+MU=
github.com/stretchr/testify v1.8.4/go.mod h1:sz/lmYIOXD/1dqDmKjjqLyZ2RngseejIcXlSw2iwfAo=
go.openly.dev/pointy v1.3.0/go.mod h1:rccSKiQDQ2QkNfSVT2KG8Budnfhf3At8IWxy/3ElYes=
gopkg.in/check.v1 v0.0.0-20161208181325-20d25e280405/go.mod h1:Co6ibVJAznAaIkqp8huTwlJQCZ016jof/cbN4VW5Yz0=
gopkg.in/yaml.v3 v3.0.0-20200313102051-9f266ea9e77c/go.mod h1:K4uyk7z7BCEPqu6E+C64Yfv1cQ7kz7rIZviUmN+EgEM=
gopkg.in/yaml.v3 v3.0.1/go.mod h1:K4uyk7z7BCEPqu6E+C64Yfv1cQ7kz7rIZviUmN+EgEM=
